<?xml version="1.0" encoding="utf-8"?>
<Project ToolsVersion="4.0" xmlns="http://schemas.microsoft.com/developer/msbuild/2003">
  <ItemGroup>
    <Filter Include="Source Files">
      <UniqueIdentifier>{4FC737F1-C7A5-4376-A066-2A32D752A2FF}</UniqueIdentifier>
      <Extensions>cpp;c;cc;cxx;def;odl;idl;hpj;bat;asm;asmx</Extensions>
    </Filter>
    <Filter Include="Header Files">
      <UniqueIdentifier>{93995380-89BD-4b04-88EB-625FBE52EBFB}</UniqueIdentifier>
      <Extensions>h;hh;hpp;hxx;hm;inl;inc;xsd</Extensions>
    </Filter>
    <Filter Include="Resource Files">
      <UniqueIdentifier>{67DA6AB6-F800-4c08-8B7A-83BB121AAD01}</UniqueIdentifier>
      <Extensions>rc;ico;cur;bmp;dlg;rc2;rct;bin;rgs;gif;jpg;jpeg;jpe;resx;tiff;tif;png;wav;mfcribbon-ms</Extensions>
    </Filter>
    <Filter Include="Shader">
      <UniqueIdentifier>{255792f1-cc72-4b35-aec1-6cc960de7a4b}</UniqueIdentifier>
    </Filter>
  </ItemGroup>
  <ItemGroup>
    <ClCompile Include="..\..\Pep%27s Spicy Racing\Pep%27s Spicy Racing\src\main.cpp">
      <Filter>Source Files</Filter>
    </ClCompile>
    <ClCompile Include="..\..\Pep%27s Spicy Racing\Pep%27s Spicy Racing\src\graphics.cpp">
      <Filter>Source Files</Filter>
    </ClCompile>
    <ClCompile Include="..\..\Pep%27s Spicy Racing\Pep%27s Spicy Racing\src\shader.cpp">
      <Filter>Source Files</Filter>
    </ClCompile>
    <ClCompile Include="..\..\Pep%27s Spicy Racing\Pep%27s Spicy Racing\src\camera.cpp">
      <Filter>Source Files</Filter>
    </ClCompile>
    <ClCompile Include="..\..\Pep%27s Spicy Racing\Pep%27s Spicy Racing\src\texture.cpp">
      <Filter>Source Files</Filter>
    </ClCompile>
    <ClCompile Include="..\..\Pep%27s Spicy Racing\Pep%27s Spicy Racing\src\simple_logger.cpp">
      <Filter>Source Files</Filter>
    </ClCompile>
    <ClCompile Include="..\..\Pep%27s Spicy Racing\Pep%27s Spicy Racing\src\mesh.cpp">
      <Filter>Source Files</Filter>
    </ClCompile>
    <ClCompile Include="..\..\Pep%27s Spicy Racing\Pep%27s Spicy Racing\src\entity.cpp">
      <Filter>Source Files</Filter>
    </ClCompile>
    <ClCompile Include="..\..\Pep%27s Spicy Racing\Pep%27s Spicy Racing\src\json_helper.cpp">
      <Filter>Source Files</Filter>
    </ClCompile>
    <ClCompile Include="..\..\Pep%27s Spicy Racing\Pep%27s Spicy Racing\src\player.cpp">
      <Filter>Source Files</Filter>
    </ClCompile>
    <ClCompile Include="..\..\Pep%27s Spicy Racing\Pep%27s Spicy Racing\src\sprite.cpp">
      <Filter>Source Files</Filter>
    </ClCompile>
    <ClCompile Include="..\..\Pep%27s Spicy Racing\Pep%27s Spicy Racing\src\entity_manager.cpp">
      <Filter>Source Files</Filter>
    </ClCompile>
    <ClCompile Include="..\..\Pep%27s Spicy Racing\Pep%27s Spicy Racing\src\shader_manager.cpp">
      <Filter>Source Files</Filter>
    </ClCompile>
    <ClCompile Include="..\..\Pep%27s Spicy Racing\Pep%27s Spicy Racing\src\mesh_manager.cpp">
      <Filter>Source Files</Filter>
    </ClCompile>
    <ClCompile Include="..\..\Pep%27s Spicy Racing\Pep%27s Spicy Racing\src\sprite_manager.cpp">
      <Filter>Source Files</Filter>
    </ClCompile>
    <ClCompile Include="..\..\Pep%27s Spicy Racing\Pep%27s Spicy Racing\src\button.cpp">
      <Filter>Source Files</Filter>
    </ClCompile>
    <ClCompile Include="..\..\Pep%27s Spicy Racing\Pep%27s Spicy Racing\src\texture_manager.cpp">
      <Filter>Source Files</Filter>
    </ClCompile>
  </ItemGroup>
  <ItemGroup>
    <ClInclude Include="..\..\Pep%27s Spicy Racing\Pep%27s Spicy Racing\include\graphics.h">
      <Filter>Header Files</Filter>
    </ClInclude>
    <ClInclude Include="..\..\Pep%27s Spicy Racing\Pep%27s Spicy Racing\include\shader.h">
      <Filter>Header Files</Filter>
    </ClInclude>
    <ClInclude Include="..\..\Pep%27s Spicy Racing\Pep%27s Spicy Racing\include\camera.h">
      <Filter>Header Files</Filter>
    </ClInclude>
    <ClInclude Include="..\..\Pep%27s Spicy Racing\Pep%27s Spicy Racing\include\texture.h">
      <Filter>Header Files</Filter>
    </ClInclude>
    <ClInclude Include="..\..\Pep%27s Spicy Racing\Pep%27s Spicy Racing\include\simple_logger.h">
      <Filter>Header Files</Filter>
    </ClInclude>
    <ClInclude Include="..\..\Pep%27s Spicy Racing\Pep%27s Spicy Racing\include\mesh.h">
      <Filter>Header Files</Filter>
    </ClInclude>
    <ClInclude Include="..\..\Pep%27s Spicy Racing\Pep%27s Spicy Racing\include\entity.h">
      <Filter>Header Files</Filter>
    </ClInclude>
    <ClInclude Include="..\..\Pep%27s Spicy Racing\Pep%27s Spicy Racing\include\json_helper.h">
      <Filter>Header Files</Filter>
    </ClInclude>
    <ClInclude Include="..\..\Pep%27s Spicy Racing\Pep%27s Spicy Racing\include\player.h">
      <Filter>Header Files</Filter>
    </ClInclude>
    <ClInclude Include="..\..\Pep%27s Spicy Racing\Pep%27s Spicy Racing\include\sprite.h">
      <Filter>Header Files</Filter>
    </ClInclude>
    <ClInclude Include="..\..\Pep%27s Spicy Racing\Pep%27s Spicy Racing\include\resource_manager.h">
      <Filter>Header Files</Filter>
    </ClInclude>
    <ClInclude Include="..\..\Pep%27s Spicy Racing\Pep%27s Spicy Racing\include\entity_manager.h">
      <Filter>Header Files</Filter>
    </ClInclude>
    <ClInclude Include="..\..\Pep%27s Spicy Racing\Pep%27s Spicy Racing\include\shader_manager.h">
      <Filter>Header Files</Filter>
    </ClInclude>
    <ClInclude Include="..\..\Pep%27s Spicy Racing\Pep%27s Spicy Racing\include\mesh_manager.h">
      <Filter>Header Files</Filter>
    </ClInclude>
    <ClInclude Include="..\..\Pep%27s Spicy Racing\Pep%27s Spicy Racing\include\button.h">
      <Filter>Header Files</Filter>
    </ClInclude>
    <ClInclude Include="..\..\Pep%27s Spicy Racing\Pep%27s Spicy Racing\include\texture_manager.h">
      <Filter>Header Files</Filter>
    </ClInclude>
    <ClInclude Include="..\..\Pep%27s Spicy Racing\Pep%27s Spicy Racing\include\sprite_manager.h">
      <Filter>Header Files</Filter>
    </ClInclude>
  </ItemGroup>
  <ItemGroup>
    <None Include="..\..\Pep%27s Spicy Racing\Pep%27s Spicy Racing\shader\fs1.glsl">
      <Filter>Shader</Filter>
    </None>
    <None Include="..\..\Pep%27s Spicy Racing\Pep%27s Spicy Racing\shader\vs1.glsl">
      <Filter>Shader</Filter>
    </None>
    <None Include="..\..\Pep%27s Spicy Racing\Pep%27s Spicy Racing\shader\light_fs.glsl">
      <Filter>Shader</Filter>
    </None>
    <None Include="..\..\Pep%27s Spicy Racing\Pep%27s Spicy Racing\shader\texture_fs.glsl">
      <Filter>Shader</Filter>
    </None>
    <None Include="..\..\Pep%27s Spicy Racing\Pep%27s Spicy Racing\shader\light_vs.glsl">
      <Filter>Shader</Filter>
    </None>
    <None Include="..\..\Pep%27s Spicy Racing\Pep%27s Spicy Racing\shader\toon_fs.glsl">
      <Filter>Shader</Filter>
    </None>
    <None Include="..\..\Pep%27s Spicy Racing\Pep%27s Spicy Racing\shader\toon_vs.glsl">
      <Filter>Shader</Filter>
    </None>
  </ItemGroup>
</Project>